// !$*UTF8*$!
{
	archiveVersion = 1;
	classes = {
	};
	objectVersion = 50;
	objects = {

/* Begin PBXBuildFile section */
		7F19DC8322737B8800E60BF1 /* DonateHistoryController.swift in Sources */ = {isa = PBXBuildFile; fileRef = 7F19DC8222737B8800E60BF1 /* DonateHistoryController.swift */; };
		7F19DC912275809A00E60BF1 /* EventReportController.swift in Sources */ = {isa = PBXBuildFile; fileRef = 7F19DC902275809A00E60BF1 /* EventReportController.swift */; };
		7F19DC9322758C3000E60BF1 /* Slide.xib in Resources */ = {isa = PBXBuildFile; fileRef = 7F19DC9222758C3000E60BF1 /* Slide.xib */; };
		7F19DC9522758C5F00E60BF1 /* SlidersView.swift in Sources */ = {isa = PBXBuildFile; fileRef = 7F19DC9422758C5F00E60BF1 /* SlidersView.swift */; };
		7F2FA6452270C0E900381683 /* AppDelegate.swift in Sources */ = {isa = PBXBuildFile; fileRef = 7F2FA6442270C0E900381683 /* AppDelegate.swift */; };
		7F2FA64A2270C0E900381683 /* Main.storyboard in Resources */ = {isa = PBXBuildFile; fileRef = 7F2FA6482270C0E900381683 /* Main.storyboard */; };
		7F2FA64C2270C0EA00381683 /* Assets.xcassets in Resources */ = {isa = PBXBuildFile; fileRef = 7F2FA64B2270C0EA00381683 /* Assets.xcassets */; };
		7F2FA64F2270C0EA00381683 /* LaunchScreen.storyboard in Resources */ = {isa = PBXBuildFile; fileRef = 7F2FA64D2270C0EA00381683 /* LaunchScreen.storyboard */; };
		7F2FA6572270C77F00381683 /* Discover.storyboard in Resources */ = {isa = PBXBuildFile; fileRef = 7F2FA6562270C77F00381683 /* Discover.storyboard */; };
		7F2FA65A2270CFB400381683 /* DiscoverController.swift in Sources */ = {isa = PBXBuildFile; fileRef = 7F2FA6592270CFB400381683 /* DiscoverController.swift */; };
		7F2FA65C2270DE7500381683 /* Donate.storyboard in Resources */ = {isa = PBXBuildFile; fileRef = 7F2FA65B2270DE7500381683 /* Donate.storyboard */; };
		7F2FA65E2270E11700381683 /* DonateController.swift in Sources */ = {isa = PBXBuildFile; fileRef = 7F2FA65D2270E11700381683 /* DonateController.swift */; };
		7F3E9EEA2276B4560028E8E0 /* ItemDonationCell.swift in Sources */ = {isa = PBXBuildFile; fileRef = 7F3E9EE92276B4560028E8E0 /* ItemDonationCell.swift */; };
		7F3E9EEC2276CEFF0028E8E0 /* DonationItem.swift in Sources */ = {isa = PBXBuildFile; fileRef = 7F3E9EEB2276CEFF0028E8E0 /* DonationItem.swift */; };
		7F47085422723CCB002B51BC /* Donation.swift in Sources */ = {isa = PBXBuildFile; fileRef = 7F47085322723CCB002B51BC /* Donation.swift */; };
		7FDA4F8822733093000C676A /* OnGoingDonateTableViewCell.swift in Sources */ = {isa = PBXBuildFile; fileRef = 7F4708512272304F002B51BC /* OnGoingDonateTableViewCell.swift */; };
		7FDA4F8A227331E4000C676A /* DonateDetailController.swift in Sources */ = {isa = PBXBuildFile; fileRef = 7FDA4F89227331E4000C676A /* DonateDetailController.swift */; };
		B07DF1842273417900244C75 /* MostUrgentCollectionCell.swift in Sources */ = {isa = PBXBuildFile; fileRef = B07DF1832273417900244C75 /* MostUrgentCollectionCell.swift */; };
		B07DF186227343CE00244C75 /* CategoryCollectionCell.swift in Sources */ = {isa = PBXBuildFile; fileRef = B07DF185227343CE00244C75 /* CategoryCollectionCell.swift */; };
		B09317F92273197E00F6DCC0 /* EventController.swift in Sources */ = {isa = PBXBuildFile; fileRef = B09317F82273197E00F6DCC0 /* EventController.swift */; };
		B09317FB22731B1700F6DCC0 /* ImageSliderCollectionCell.swift in Sources */ = {isa = PBXBuildFile; fileRef = B09317FA22731B1700F6DCC0 /* ImageSliderCollectionCell.swift */; };
		B0B95FC822758D4D00C6DE58 /* CategoryViewController.swift in Sources */ = {isa = PBXBuildFile; fileRef = B0B95FC722758D4D00C6DE58 /* CategoryViewController.swift */; };
		B0B95FCA22758E5E00C6DE58 /* MostUrgentViewController.swift in Sources */ = {isa = PBXBuildFile; fileRef = B0B95FC922758E5E00C6DE58 /* MostUrgentViewController.swift */; };
		B0B95FCE2275B13D00C6DE58 /* EventDetailController.swift in Sources */ = {isa = PBXBuildFile; fileRef = B0B95FCD2275B13D00C6DE58 /* EventDetailController.swift */; };
		B0B95FD22275E4CE00C6DE58 /* EventDetailCollectionCell.swift in Sources */ = {isa = PBXBuildFile; fileRef = B0B95FD12275E4CE00C6DE58 /* EventDetailCollectionCell.swift */; };
		B0CFE0632276B129007506F8 /* EventDetailCategoryCell.swift in Sources */ = {isa = PBXBuildFile; fileRef = B0CFE0622276B129007506F8 /* EventDetailCategoryCell.swift */; };
		B0E9033B22734CF500989A84 /* Event.storyboard in Resources */ = {isa = PBXBuildFile; fileRef = B0E9033922734CF500989A84 /* Event.storyboard */; };
		B71761042273097C006F9C08 /* YayasanCell.swift in Sources */ = {isa = PBXBuildFile; fileRef = B71761032273097C006F9C08 /* YayasanCell.swift */; };
		B717610622730B19006F9C08 /* Yayasan.swift in Sources */ = {isa = PBXBuildFile; fileRef = B717610522730B19006F9C08 /* Yayasan.swift */; };
		B7CA0C9A2275497A000935E2 /* EventCell.swift in Sources */ = {isa = PBXBuildFile; fileRef = B7CA0C992275497A000935E2 /* EventCell.swift */; };
		B7CA0C9C227549BE000935E2 /* Event.swift in Sources */ = {isa = PBXBuildFile; fileRef = B7CA0C9B227549BE000935E2 /* Event.swift */; };
		B7CA0C9E22754FA4000935E2 /* EventViewController.swift in Sources */ = {isa = PBXBuildFile; fileRef = B7CA0C9D22754FA4000935E2 /* EventViewController.swift */; };
		B7CA0C9F22756332000935E2 /* YayasanViewController.swift in Sources */ = {isa = PBXBuildFile; fileRef = B7DE8C5B2274389100AACCFA /* YayasanViewController.swift */; };
		B7CA0CA222756A61000935E2 /* YayasanDetailViewController.swift in Sources */ = {isa = PBXBuildFile; fileRef = B7DE8C5D22747B4000AACCFA /* YayasanDetailViewController.swift */; };
/* End PBXBuildFile section */

/* Begin PBXFileReference section */
		7F19DC8222737B8800E60BF1 /* DonateHistoryController.swift */ = {isa = PBXFileReference; lastKnownFileType = sourcecode.swift; path = DonateHistoryController.swift; sourceTree = "<group>"; };
		7F19DC862274BEB100E60BF1 /* DiscoveryDetailController.swift */ = {isa = PBXFileReference; fileEncoding = 4; lastKnownFileType = sourcecode.swift; path = DiscoveryDetailController.swift; sourceTree = "<group>"; };
		7F19DC902275809A00E60BF1 /* EventReportController.swift */ = {isa = PBXFileReference; lastKnownFileType = sourcecode.swift; path = EventReportController.swift; sourceTree = "<group>"; };
		7F19DC9222758C3000E60BF1 /* Slide.xib */ = {isa = PBXFileReference; lastKnownFileType = file.xib; path = Slide.xib; sourceTree = "<group>"; };
		7F19DC9422758C5F00E60BF1 /* SlidersView.swift */ = {isa = PBXFileReference; lastKnownFileType = sourcecode.swift; path = SlidersView.swift; sourceTree = "<group>"; };
		7F2FA6412270C0E900381683 /* nyumbang.app */ = {isa = PBXFileReference; explicitFileType = wrapper.application; includeInIndex = 0; path = nyumbang.app; sourceTree = BUILT_PRODUCTS_DIR; };
		7F2FA6442270C0E900381683 /* AppDelegate.swift */ = {isa = PBXFileReference; lastKnownFileType = sourcecode.swift; path = AppDelegate.swift; sourceTree = "<group>"; };
		7F2FA6492270C0E900381683 /* Base */ = {isa = PBXFileReference; lastKnownFileType = file.storyboard; name = Base; path = Base.lproj/Main.storyboard; sourceTree = "<group>"; };
		7F2FA64B2270C0EA00381683 /* Assets.xcassets */ = {isa = PBXFileReference; lastKnownFileType = folder.assetcatalog; path = Assets.xcassets; sourceTree = "<group>"; };
		7F2FA64E2270C0EA00381683 /* Base */ = {isa = PBXFileReference; lastKnownFileType = file.storyboard; name = Base; path = Base.lproj/LaunchScreen.storyboard; sourceTree = "<group>"; };
		7F2FA6502270C0EA00381683 /* Info.plist */ = {isa = PBXFileReference; lastKnownFileType = text.plist.xml; path = Info.plist; sourceTree = "<group>"; };
		7F2FA6562270C77F00381683 /* Discover.storyboard */ = {isa = PBXFileReference; lastKnownFileType = file.storyboard; path = Discover.storyboard; sourceTree = "<group>"; };
		7F2FA6592270CFB400381683 /* DiscoverController.swift */ = {isa = PBXFileReference; lastKnownFileType = sourcecode.swift; path = DiscoverController.swift; sourceTree = "<group>"; };
		7F2FA65B2270DE7500381683 /* Donate.storyboard */ = {isa = PBXFileReference; lastKnownFileType = file.storyboard; path = Donate.storyboard; sourceTree = "<group>"; };
		7F2FA65D2270E11700381683 /* DonateController.swift */ = {isa = PBXFileReference; lastKnownFileType = sourcecode.swift; path = DonateController.swift; sourceTree = "<group>"; };
		7F3E9EE92276B4560028E8E0 /* ItemDonationCell.swift */ = {isa = PBXFileReference; lastKnownFileType = sourcecode.swift; path = ItemDonationCell.swift; sourceTree = "<group>"; };
		7F3E9EEB2276CEFF0028E8E0 /* DonationItem.swift */ = {isa = PBXFileReference; lastKnownFileType = sourcecode.swift; path = DonationItem.swift; sourceTree = "<group>"; };
		7F4708512272304F002B51BC /* OnGoingDonateTableViewCell.swift */ = {isa = PBXFileReference; lastKnownFileType = sourcecode.swift; path = OnGoingDonateTableViewCell.swift; sourceTree = "<group>"; };
		7F47085322723CCB002B51BC /* Donation.swift */ = {isa = PBXFileReference; lastKnownFileType = sourcecode.swift; path = Donation.swift; sourceTree = "<group>"; };
		7FDA4F89227331E4000C676A /* DonateDetailController.swift */ = {isa = PBXFileReference; lastKnownFileType = sourcecode.swift; path = DonateDetailController.swift; sourceTree = "<group>"; };
		B07DF1832273417900244C75 /* MostUrgentCollectionCell.swift */ = {isa = PBXFileReference; lastKnownFileType = sourcecode.swift; path = MostUrgentCollectionCell.swift; sourceTree = "<group>"; };
		B07DF185227343CE00244C75 /* CategoryCollectionCell.swift */ = {isa = PBXFileReference; lastKnownFileType = sourcecode.swift; path = CategoryCollectionCell.swift; sourceTree = "<group>"; };
		B09317F82273197E00F6DCC0 /* EventController.swift */ = {isa = PBXFileReference; lastKnownFileType = sourcecode.swift; path = EventController.swift; sourceTree = "<group>"; };
		B09317FA22731B1700F6DCC0 /* ImageSliderCollectionCell.swift */ = {isa = PBXFileReference; lastKnownFileType = sourcecode.swift; path = ImageSliderCollectionCell.swift; sourceTree = "<group>"; };
		B0B95FC722758D4D00C6DE58 /* CategoryViewController.swift */ = {isa = PBXFileReference; lastKnownFileType = sourcecode.swift; path = CategoryViewController.swift; sourceTree = "<group>"; };
		B0B95FC922758E5E00C6DE58 /* MostUrgentViewController.swift */ = {isa = PBXFileReference; lastKnownFileType = sourcecode.swift; path = MostUrgentViewController.swift; sourceTree = "<group>"; };
		B0B95FCD2275B13D00C6DE58 /* EventDetailController.swift */ = {isa = PBXFileReference; lastKnownFileType = sourcecode.swift; path = EventDetailController.swift; sourceTree = "<group>"; };
		B0B95FD12275E4CE00C6DE58 /* EventDetailCollectionCell.swift */ = {isa = PBXFileReference; lastKnownFileType = sourcecode.swift; path = EventDetailCollectionCell.swift; sourceTree = "<group>"; };
		B0CFE0622276B129007506F8 /* EventDetailCategoryCell.swift */ = {isa = PBXFileReference; lastKnownFileType = sourcecode.swift; path = EventDetailCategoryCell.swift; sourceTree = "<group>"; };
		B0E9033A22734CF500989A84 /* Base */ = {isa = PBXFileReference; lastKnownFileType = file.storyboard; name = Base; path = nyumbang/Base.lproj/Event.storyboard; sourceTree = "<group>"; };
		B71761032273097C006F9C08 /* YayasanCell.swift */ = {isa = PBXFileReference; lastKnownFileType = sourcecode.swift; path = YayasanCell.swift; sourceTree = "<group>"; };
		B717610522730B19006F9C08 /* Yayasan.swift */ = {isa = PBXFileReference; lastKnownFileType = sourcecode.swift; path = Yayasan.swift; sourceTree = "<group>"; };
		B7CA0C992275497A000935E2 /* EventCell.swift */ = {isa = PBXFileReference; lastKnownFileType = sourcecode.swift; path = EventCell.swift; sourceTree = "<group>"; };
		B7CA0C9B227549BE000935E2 /* Event.swift */ = {isa = PBXFileReference; lastKnownFileType = sourcecode.swift; path = Event.swift; sourceTree = "<group>"; };
		B7CA0C9D22754FA4000935E2 /* EventViewController.swift */ = {isa = PBXFileReference; lastKnownFileType = sourcecode.swift; path = EventViewController.swift; sourceTree = "<group>"; };
/* End PBXFileReference section */

/* Begin PBXFrameworksBuildPhase section */
		7F2FA63E2270C0E900381683 /* Frameworks */ = {
			isa = PBXFrameworksBuildPhase;
			buildActionMask = 2147483647;
			files = (
			);
			runOnlyForDeploymentPostprocessing = 0;
		};
/* End PBXFrameworksBuildPhase section */

/* Begin PBXGroup section */
		7F2FA6382270C0E900381683 = {
			isa = PBXGroup;
			children = (
				7F2FA6432270C0E900381683 /* nyumbang */,
				7F2FA6422270C0E900381683 /* Products */,
			);
			sourceTree = "<group>";
		};
		7F2FA6422270C0E900381683 /* Products */ = {
			isa = PBXGroup;
			children = (
				7F2FA6412270C0E900381683 /* nyumbang.app */,
			);
			name = Products;
			sourceTree = "<group>";
		};
		7F2FA6432270C0E900381683 /* nyumbang */ = {
			isa = PBXGroup;
			children = (
				7FFE2BDB2272BEF4008F1275 /* Components */,
				7F2FA6582270CF6D00381683 /* ViewControllers */,
				7F2FA6442270C0E900381683 /* AppDelegate.swift */,
				B0E9033922734CF500989A84 /* Event.storyboard */,
				7F2FA6482270C0E900381683 /* Main.storyboard */,
				B0CFE0622276B129007506F8 /* EventDetailCategoryCell.swift */,
				B0B95FD12275E4CE00C6DE58 /* EventDetailCollectionCell.swift */,
				B0B95FCD2275B13D00C6DE58 /* EventDetailController.swift */,
				B0B95FC722758D4D00C6DE58 /* CategoryViewController.swift */,
				B0B95FC922758E5E00C6DE58 /* MostUrgentViewController.swift */,
				B07DF1832273417900244C75 /* MostUrgentCollectionCell.swift */,
				B07DF185227343CE00244C75 /* CategoryCollectionCell.swift */,
				B09317FA22731B1700F6DCC0 /* ImageSliderCollectionCell.swift */,
				B09317F82273197E00F6DCC0 /* EventController.swift */,
				7F2FA65B2270DE7500381683 /* Donate.storyboard */,
				7F2FA6562270C77F00381683 /* Discover.storyboard */,
				7FFE2BDA2272BE88008F1275 /* Model */,
				7F2FA64B2270C0EA00381683 /* Assets.xcassets */,
				7F2FA64D2270C0EA00381683 /* LaunchScreen.storyboard */,
				7F2FA6502270C0EA00381683 /* Info.plist */,
			);
			path = nyumbang;
			sourceTree = "<group>";
		};
		7F2FA6582270CF6D00381683 /* ViewControllers */ = {
			isa = PBXGroup;
			children = (
				7F19DC862274BEB100E60BF1 /* DiscoveryDetailController.swift */,
				7F2FA6592270CFB400381683 /* DiscoverController.swift */,
				7F2FA65D2270E11700381683 /* DonateController.swift */,
				7FDA4F89227331E4000C676A /* DonateDetailController.swift */,
				7F19DC8222737B8800E60BF1 /* DonateHistoryController.swift */,
				B7CA0C9D22754FA4000935E2 /* EventViewController.swift */,
				7F19DC902275809A00E60BF1 /* EventReportController.swift */,
			);
			path = ViewControllers;
			sourceTree = "<group>";
		};
		7FFE2BDA2272BE88008F1275 /* Model */ = {
			isa = PBXGroup;
			children = (
				B717610522730B19006F9C08 /* Yayasan.swift */,
				7F47085322723CCB002B51BC /* Donation.swift */,
				B7CA0C9B227549BE000935E2 /* Event.swift */,
				7F3E9EEB2276CEFF0028E8E0 /* DonationItem.swift */,
			);
			path = Model;
			sourceTree = "<group>";
		};
		7FFE2BDB2272BEF4008F1275 /* Components */ = {
			isa = PBXGroup;
			children = (
				B71761032273097C006F9C08 /* YayasanCell.swift */,
				B7CA0C992275497A000935E2 /* EventCell.swift */,
				7F4708512272304F002B51BC /* OnGoingDonateTableViewCell.swift */,
				7F19DC9222758C3000E60BF1 /* Slide.xib */,
				7F19DC9422758C5F00E60BF1 /* SlidersView.swift */,
				7F3E9EE92276B4560028E8E0 /* ItemDonationCell.swift */,
			);
			path = Components;
			sourceTree = "<group>";
		};
/* End PBXGroup section */

/* Begin PBXNativeTarget section */
		7F2FA6402270C0E900381683 /* nyumbang */ = {
			isa = PBXNativeTarget;
			buildConfigurationList = 7F2FA6532270C0EA00381683 /* Build configuration list for PBXNativeTarget "nyumbang" */;
			buildPhases = (
				7F2FA63D2270C0E900381683 /* Sources */,
				7F2FA63E2270C0E900381683 /* Frameworks */,
				7F2FA63F2270C0E900381683 /* Resources */,
			);
			buildRules = (
			);
			dependencies = (
			);
			name = nyumbang;
			productName = nyumbang;
			productReference = 7F2FA6412270C0E900381683 /* nyumbang.app */;
			productType = "com.apple.product-type.application";
		};
/* End PBXNativeTarget section */

/* Begin PBXProject section */
		7F2FA6392270C0E900381683 /* Project object */ = {
			isa = PBXProject;
			attributes = {
				LastSwiftUpdateCheck = 1020;
				LastUpgradeCheck = 1020;
				ORGANIZATIONNAME = "Apple Developer Academy - Kelompok 6";
				TargetAttributes = {
					7F2FA6402270C0E900381683 = {
						CreatedOnToolsVersion = 10.2.1;
					};
				};
			};
			buildConfigurationList = 7F2FA63C2270C0E900381683 /* Build configuration list for PBXProject "nyumbang" */;
			compatibilityVersion = "Xcode 9.3";
			developmentRegion = en;
			hasScannedForEncodings = 0;
			knownRegions = (
				en,
				Base,
			);
			mainGroup = 7F2FA6382270C0E900381683;
			productRefGroup = 7F2FA6422270C0E900381683 /* Products */;
			projectDirPath = "";
			projectRoot = "";
			targets = (
				7F2FA6402270C0E900381683 /* nyumbang */,
			);
		};
/* End PBXProject section */

/* Begin PBXResourcesBuildPhase section */
		7F2FA63F2270C0E900381683 /* Resources */ = {
			isa = PBXResourcesBuildPhase;
			buildActionMask = 2147483647;
			files = (
				7F2FA64F2270C0EA00381683 /* LaunchScreen.storyboard in Resources */,
				7F2FA6572270C77F00381683 /* Discover.storyboard in Resources */,
				7F2FA65C2270DE7500381683 /* Donate.storyboard in Resources */,
				7F2FA64C2270C0EA00381683 /* Assets.xcassets in Resources */,
				7F2FA64A2270C0E900381683 /* Main.storyboard in Resources */,
				B0E9033B22734CF500989A84 /* Event.storyboard in Resources */,
				7F19DC9322758C3000E60BF1 /* Slide.xib in Resources */,
			);
			runOnlyForDeploymentPostprocessing = 0;
		};
/* End PBXResourcesBuildPhase section */

/* Begin PBXSourcesBuildPhase section */
		7F2FA63D2270C0E900381683 /* Sources */ = {
			isa = PBXSourcesBuildPhase;
			buildActionMask = 2147483647;
			files = (
				7F2FA65A2270CFB400381683 /* DiscoverController.swift in Sources */,
				7F2FA65E2270E11700381683 /* DonateController.swift in Sources */,
				B7DE8C5E22747B4000AACCFA /* YayasanDetailViewController.swift in Sources */,
				7F19DC912275809A00E60BF1 /* EventReportController.swift in Sources */,
				7F3E9EEC2276CEFF0028E8E0 /* DonationItem.swift in Sources */,
				B7CA0C9C227549BE000935E2 /* Event.swift in Sources */,
				B7CA0C9E22754FA4000935E2 /* EventViewController.swift in Sources */,
				7F47085422723CCB002B51BC /* Donation.swift in Sources */,
				B0CFE0632276B129007506F8 /* EventDetailCategoryCell.swift in Sources */,
				B7CA0CA222756A61000935E2 /* YayasanDetailViewController.swift in Sources */,
				B71761042273097C006F9C08 /* YayasanCell.swift in Sources */,
				7F3E9EEA2276B4560028E8E0 /* ItemDonationCell.swift in Sources */,
				B7CA0C9A2275497A000935E2 /* EventCell.swift in Sources */,
				B09317FB22731B1700F6DCC0 /* ImageSliderCollectionCell.swift in Sources */,
				7FDA4F8A227331E4000C676A /* DonateDetailController.swift in Sources */,
				B07DF186227343CE00244C75 /* CategoryCollectionCell.swift in Sources */,
				7F2FA6452270C0E900381683 /* AppDelegate.swift in Sources */,
				B0B95FD22275E4CE00C6DE58 /* EventDetailCollectionCell.swift in Sources */,
				B07DF1842273417900244C75 /* MostUrgentCollectionCell.swift in Sources */,
				B7CA0C9F22756332000935E2 /* YayasanViewController.swift in Sources */,
				7F19DC9522758C5F00E60BF1 /* SlidersView.swift in Sources */,
				B09317F92273197E00F6DCC0 /* EventController.swift in Sources */,
				B717610622730B19006F9C08 /* Yayasan.swift in Sources */,
				7FDA4F8822733093000C676A /* OnGoingDonateTableViewCell.swift in Sources */,
				B0B95FCE2275B13D00C6DE58 /* EventDetailController.swift in Sources */,
				B0B95FCA22758E5E00C6DE58 /* MostUrgentViewController.swift in Sources */,
				B0B95FC822758D4D00C6DE58 /* CategoryViewController.swift in Sources */,
				7F19DC8322737B8800E60BF1 /* DonateHistoryController.swift in Sources */,
			);
			runOnlyForDeploymentPostprocessing = 0;
		};
/* End PBXSourcesBuildPhase section */

/* Begin PBXVariantGroup section */
		7F2FA6482270C0E900381683 /* Main.storyboard */ = {
			isa = PBXVariantGroup;
			children = (
				7F2FA6492270C0E900381683 /* Base */,
			);
			name = Main.storyboard;
			sourceTree = "<group>";
		};
		7F2FA64D2270C0EA00381683 /* LaunchScreen.storyboard */ = {
			isa = PBXVariantGroup;
			children = (
				7F2FA64E2270C0EA00381683 /* Base */,
			);
			name = LaunchScreen.storyboard;
			sourceTree = "<group>";
		};
		B0E9033922734CF500989A84 /* Event.storyboard */ = {
			isa = PBXVariantGroup;
			children = (
				B0E9033A22734CF500989A84 /* Base */,
			);
			name = Event.storyboard;
			sourceTree = "<group>";
		};
/* End PBXVariantGroup section */

/* Begin XCBuildConfiguration section */
		7F2FA6512270C0EA00381683 /* Debug */ = {
			isa = XCBuildConfiguration;
			buildSettings = {
				ALWAYS_SEARCH_USER_PATHS = NO;
				CLANG_ANALYZER_NONNULL = YES;
				CLANG_ANALYZER_NUMBER_OBJECT_CONVERSION = YES_AGGRESSIVE;
				CLANG_CXX_LANGUAGE_STANDARD = "gnu++14";
				CLANG_CXX_LIBRARY = "libc++";
				CLANG_ENABLE_MODULES = YES;
				CLANG_ENABLE_OBJC_ARC = YES;
				CLANG_ENABLE_OBJC_WEAK = YES;
				CLANG_WARN_BLOCK_CAPTURE_AUTORELEASING = YES;
				CLANG_WARN_BOOL_CONVERSION = YES;
				CLANG_WARN_COMMA = YES;
				CLANG_WARN_CONSTANT_CONVERSION = YES;
				CLANG_WARN_DEPRECATED_OBJC_IMPLEMENTATIONS = YES;
				CLANG_WARN_DIRECT_OBJC_ISA_USAGE = YES_ERROR;
				CLANG_WARN_DOCUMENTATION_COMMENTS = YES;
				CLANG_WARN_EMPTY_BODY = YES;
				CLANG_WARN_ENUM_CONVERSION = YES;
				CLANG_WARN_INFINITE_RECURSION = YES;
				CLANG_WARN_INT_CONVERSION = YES;
				CLANG_WARN_NON_LITERAL_NULL_CONVERSION = YES;
				CLANG_WARN_OBJC_IMPLICIT_RETAIN_SELF = YES;
				CLANG_WARN_OBJC_LITERAL_CONVERSION = YES;
				CLANG_WARN_OBJC_ROOT_CLASS = YES_ERROR;
				CLANG_WARN_RANGE_LOOP_ANALYSIS = YES;
				CLANG_WARN_STRICT_PROTOTYPES = YES;
				CLANG_WARN_SUSPICIOUS_MOVE = YES;
				CLANG_WARN_UNGUARDED_AVAILABILITY = YES_AGGRESSIVE;
				CLANG_WARN_UNREACHABLE_CODE = YES;
				CLANG_WARN__DUPLICATE_METHOD_MATCH = YES;
				CODE_SIGN_IDENTITY = "iPhone Developer";
				COPY_PHASE_STRIP = NO;
				DEBUG_INFORMATION_FORMAT = dwarf;
				ENABLE_STRICT_OBJC_MSGSEND = YES;
				ENABLE_TESTABILITY = YES;
				GCC_C_LANGUAGE_STANDARD = gnu11;
				GCC_DYNAMIC_NO_PIC = NO;
				GCC_NO_COMMON_BLOCKS = YES;
				GCC_OPTIMIZATION_LEVEL = 0;
				GCC_PREPROCESSOR_DEFINITIONS = (
					"DEBUG=1",
					"$(inherited)",
				);
				GCC_WARN_64_TO_32_BIT_CONVERSION = YES;
				GCC_WARN_ABOUT_RETURN_TYPE = YES_ERROR;
				GCC_WARN_UNDECLARED_SELECTOR = YES;
				GCC_WARN_UNINITIALIZED_AUTOS = YES_AGGRESSIVE;
				GCC_WARN_UNUSED_FUNCTION = YES;
				GCC_WARN_UNUSED_VARIABLE = YES;
				IPHONEOS_DEPLOYMENT_TARGET = 12.2;
				MTL_ENABLE_DEBUG_INFO = INCLUDE_SOURCE;
				MTL_FAST_MATH = YES;
				ONLY_ACTIVE_ARCH = YES;
				SDKROOT = iphoneos;
				SWIFT_ACTIVE_COMPILATION_CONDITIONS = DEBUG;
				SWIFT_OPTIMIZATION_LEVEL = "-Onone";
			};
			name = Debug;
		};
		7F2FA6522270C0EA00381683 /* Release */ = {
			isa = XCBuildConfiguration;
			buildSettings = {
				ALWAYS_SEARCH_USER_PATHS = NO;
				CLANG_ANALYZER_NONNULL = YES;
				CLANG_ANALYZER_NUMBER_OBJECT_CONVERSION = YES_AGGRESSIVE;
				CLANG_CXX_LANGUAGE_STANDARD = "gnu++14";
				CLANG_CXX_LIBRARY = "libc++";
				CLANG_ENABLE_MODULES = YES;
				CLANG_ENABLE_OBJC_ARC = YES;
				CLANG_ENABLE_OBJC_WEAK = YES;
				CLANG_WARN_BLOCK_CAPTURE_AUTORELEASING = YES;
				CLANG_WARN_BOOL_CONVERSION = YES;
				CLANG_WARN_COMMA = YES;
				CLANG_WARN_CONSTANT_CONVERSION = YES;
				CLANG_WARN_DEPRECATED_OBJC_IMPLEMENTATIONS = YES;
				CLANG_WARN_DIRECT_OBJC_ISA_USAGE = YES_ERROR;
				CLANG_WARN_DOCUMENTATION_COMMENTS = YES;
				CLANG_WARN_EMPTY_BODY = YES;
				CLANG_WARN_ENUM_CONVERSION = YES;
				CLANG_WARN_INFINITE_RECURSION = YES;
				CLANG_WARN_INT_CONVERSION = YES;
				CLANG_WARN_NON_LITERAL_NULL_CONVERSION = YES;
				CLANG_WARN_OBJC_IMPLICIT_RETAIN_SELF = YES;
				CLANG_WARN_OBJC_LITERAL_CONVERSION = YES;
				CLANG_WARN_OBJC_ROOT_CLASS = YES_ERROR;
				CLANG_WARN_RANGE_LOOP_ANALYSIS = YES;
				CLANG_WARN_STRICT_PROTOTYPES = YES;
				CLANG_WARN_SUSPICIOUS_MOVE = YES;
				CLANG_WARN_UNGUARDED_AVAILABILITY = YES_AGGRESSIVE;
				CLANG_WARN_UNREACHABLE_CODE = YES;
				CLANG_WARN__DUPLICATE_METHOD_MATCH = YES;
				CODE_SIGN_IDENTITY = "iPhone Developer";
				COPY_PHASE_STRIP = NO;
				DEBUG_INFORMATION_FORMAT = "dwarf-with-dsym";
				ENABLE_NS_ASSERTIONS = NO;
				ENABLE_STRICT_OBJC_MSGSEND = YES;
				GCC_C_LANGUAGE_STANDARD = gnu11;
				GCC_NO_COMMON_BLOCKS = YES;
				GCC_WARN_64_TO_32_BIT_CONVERSION = YES;
				GCC_WARN_ABOUT_RETURN_TYPE = YES_ERROR;
				GCC_WARN_UNDECLARED_SELECTOR = YES;
				GCC_WARN_UNINITIALIZED_AUTOS = YES_AGGRESSIVE;
				GCC_WARN_UNUSED_FUNCTION = YES;
				GCC_WARN_UNUSED_VARIABLE = YES;
				IPHONEOS_DEPLOYMENT_TARGET = 12.2;
				MTL_ENABLE_DEBUG_INFO = NO;
				MTL_FAST_MATH = YES;
				SDKROOT = iphoneos;
				SWIFT_COMPILATION_MODE = wholemodule;
				SWIFT_OPTIMIZATION_LEVEL = "-O";
				VALIDATE_PRODUCT = YES;
			};
			name = Release;
		};
		7F2FA6542270C0EA00381683 /* Debug */ = {
			isa = XCBuildConfiguration;
			buildSettings = {
				ASSETCATALOG_COMPILER_APPICON_NAME = AppIcon;
				CODE_SIGN_STYLE = Automatic;
				DEVELOPMENT_TEAM = UUHXR699G4;
				INFOPLIST_FILE = nyumbang/Info.plist;
				LD_RUNPATH_SEARCH_PATHS = (
					"$(inherited)",
					"@executable_path/Frameworks",
				);
				PRODUCT_BUNDLE_IDENTIFIER = Apple.nyumbang;
				PRODUCT_NAME = "$(TARGET_NAME)";
				SWIFT_SWIFT3_OBJC_INFERENCE = Default;
				SWIFT_VERSION = 5.0;
				TARGETED_DEVICE_FAMILY = "1,2";
			};
			name = Debug;
		};
		7F2FA6552270C0EA00381683 /* Release */ = {
			isa = XCBuildConfiguration;
			buildSettings = {
				ASSETCATALOG_COMPILER_APPICON_NAME = AppIcon;
				CODE_SIGN_STYLE = Automatic;
				DEVELOPMENT_TEAM = UUHXR699G4;
				INFOPLIST_FILE = nyumbang/Info.plist;
				LD_RUNPATH_SEARCH_PATHS = (
					"$(inherited)",
					"@executable_path/Frameworks",
				);
				PRODUCT_BUNDLE_IDENTIFIER = Apple.nyumbang;
				PRODUCT_NAME = "$(TARGET_NAME)";
				SWIFT_SWIFT3_OBJC_INFERENCE = Default;
				SWIFT_VERSION = 5.0;
				TARGETED_DEVICE_FAMILY = "1,2";
			};
			name = Release;
		};
/* End XCBuildConfiguration section */

/* Begin XCConfigurationList section */
		7F2FA63C2270C0E900381683 /* Build configuration list for PBXProject "nyumbang" */ = {
			isa = XCConfigurationList;
			buildConfigurations = (
				7F2FA6512270C0EA00381683 /* Debug */,
				7F2FA6522270C0EA00381683 /* Release */,
			);
			defaultConfigurationIsVisible = 0;
			defaultConfigurationName = Release;
		};
		7F2FA6532270C0EA00381683 /* Build configuration list for PBXNativeTarget "nyumbang" */ = {
			isa = XCConfigurationList;
			buildConfigurations = (
				7F2FA6542270C0EA00381683 /* Debug */,
				7F2FA6552270C0EA00381683 /* Release */,
			);
			defaultConfigurationIsVisible = 0;
			defaultConfigurationName = Release;
		};
/* End XCConfigurationList section */
	};
	rootObject = 7F2FA6392270C0E900381683 /* Project object */;
}
